
Microsoft Visual Studio Solution File, Format Version 12.00
# Visual Studio Version 17
VisualStudioVersion = 17.1.32328.378
MinimumVisualStudioVersion = 10.0.40219.1
Project("{FAE04EC0-301F-11D3-BF4B-00C04F79EFBC}") = "InventoryManagementWithJson", "InventoryManagementWithJson.csproj", "{D3B5DC7B-EC9F-4FC6-B998-C2C28AA22840}"
EndProject
Global
	GlobalSection(SolutionConfigurationPlatforms) = preSolution
		Debug|Any CPU = Debug|Any CPU
		Release|Any CPU = Release|Any CPU
	EndGlobalSection
	GlobalSection(ProjectConfigurationPlatforms) = postSolution
		{D3B5DC7B-EC9F-4FC6-B998-C2C28AA22840}.Debug|Any CPU.ActiveCfg = Debug|Any CPU
		{D3B5DC7B-EC9F-4FC6-B998-C2C28AA22840}.Debug|Any CPU.Build.0 = Debug|Any CPU
		{D3B5DC7B-EC9F-4FC6-B998-C2C28AA22840}.Release|Any CPU.ActiveCfg = Release|Any CPU
		{D3B5DC7B-EC9F-4FC6-B998-C2C28AA22840}.Release|Any CPU.Build.0 = Release|Any CPU
	EndGlobalSection
	GlobalSection(SolutionProperties) = preSolution
		HideSolutionNode = FALSE
	EndGlobalSection
	GlobalSection(ExtensibilityGlobals) = postSolution
		SolutionGuid = {3E33784A-719A-436F-ABEC-6CE1D74E7E25}
	EndGlobalSection
EndGlobal
